
Microsoft Visual Studio Solution File, Format Version 12.00
# Visual Studio Version 17
VisualStudioVersion = 17.0.32014.148
MinimumVisualStudioVersion = 10.0.40219.1
Project("{FAE04EC0-301F-11D3-BF4B-00C04F79EFBC}") = "WebApi", "WebApi\WebApi.csproj", "{4E0CA742-C314-41FF-9597-7DE5041135AE}"
EndProject
Global
	GlobalSection(SolutionConfigurationPlatforms) = preSolution
		Debug|Any CPU = Debug|Any CPU
		Release|Any CPU = Release|Any CPU
	EndGlobalSection
	GlobalSection(ProjectConfigurationPlatforms) = postSolution
		{4E0CA742-C314-41FF-9597-7DE5041135AE}.Debug|Any CPU.ActiveCfg = Debug|Any CPU
		{4E0CA742-C314-41FF-9597-7DE5041135AE}.Debug|Any CPU.Build.0 = Debug|Any CPU
		{4E0CA742-C314-41FF-9597-7DE5041135AE}.Release|Any CPU.ActiveCfg = Release|Any CPU
		{4E0CA742-C314-41FF-9597-7DE5041135AE}.Release|Any CPU.Build.0 = Release|Any CPU
	EndGlobalSection
	GlobalSection(SolutionProperties) = preSolution
		HideSolutionNode = FALSE
	EndGlobalSection
	GlobalSection(ExtensibilityGlobals) = postSolution
		SolutionGuid = {740FE0E7-3840-4B26-B01D-C153DD8C7446}
	EndGlobalSection
EndGlobal
